// !$*UTF8*$!
{
	archiveVersion = 1;
	classes = {
	};
	objectVersion = 48;
	objects = {

/* Begin PBXBuildFile section */
		2079BBB720E5C6A7009F0E90 /* AppDelegate.m in Sources */ = {isa = PBXBuildFile; fileRef = 2079BBB620E5C6A7009F0E90 /* AppDelegate.m */; };
		2079BBBA20E5C6A7009F0E90 /* ViewController.m in Sources */ = {isa = PBXBuildFile; fileRef = 2079BBB920E5C6A7009F0E90 /* ViewController.m */; };
		2079BBBD20E5C6A7009F0E90 /* Main.storyboard in Resources */ = {isa = PBXBuildFile; fileRef = 2079BBBB20E5C6A7009F0E90 /* Main.storyboard */; };
		2079BBBF20E5C6A7009F0E90 /* Assets.xcassets in Resources */ = {isa = PBXBuildFile; fileRef = 2079BBBE20E5C6A7009F0E90 /* Assets.xcassets */; };
		2079BBC220E5C6A7009F0E90 /* LaunchScreen.storyboard in Resources */ = {isa = PBXBuildFile; fileRef = 2079BBC020E5C6A7009F0E90 /* LaunchScreen.storyboard */; };
		2079BBC520E5C6A7009F0E90 /* main.m in Sources */ = {isa = PBXBuildFile; fileRef = 2079BBC420E5C6A7009F0E90 /* main.m */; };
		2079BBD220E5C6BD009F0E90 /* TX10DateTimeModel.m in Sources */ = {isa = PBXBuildFile; fileRef = 2079BBCC20E5C6BC009F0E90 /* TX10DateTimeModel.m */; };
		2079BBD420E5C6BD009F0E90 /* SensorDataModel.m in Sources */ = {isa = PBXBuildFile; fileRef = 2079BBD020E5C6BC009F0E90 /* SensorDataModel.m */; };
		2079BBD920E5C6C8009F0E90 /* TX10BLECommands.m in Sources */ = {isa = PBXBuildFile; fileRef = 2079BBD720E5C6C7009F0E90 /* TX10BLECommands.m */; };
		2079BBDA20E5C6C8009F0E90 /* TX10BLEDataHelper.m in Sources */ = {isa = PBXBuildFile; fileRef = 2079BBD820E5C6C7009F0E90 /* TX10BLEDataHelper.m */; };
		2079BBE120E5C7B2009F0E90 /* TX10BytesUtils.m in Sources */ = {isa = PBXBuildFile; fileRef = 2079BBE020E5C7B2009F0E90 /* TX10BytesUtils.m */; };
/* End PBXBuildFile section */

/* Begin PBXFileReference section */
		2079BBB220E5C6A7009F0E90 /* TX10Demo.app */ = {isa = PBXFileReference; explicitFileType = wrapper.application; includeInIndex = 0; path = TX10Demo.app; sourceTree = BUILT_PRODUCTS_DIR; };
		2079BBB520E5C6A7009F0E90 /* AppDelegate.h */ = {isa = PBXFileReference; lastKnownFileType = sourcecode.c.h; path = AppDelegate.h; sourceTree = "<group>"; };
		2079BBB620E5C6A7009F0E90 /* AppDelegate.m */ = {isa = PBXFileReference; lastKnownFileType = sourcecode.c.objc; path = AppDelegate.m; sourceTree = "<group>"; };
		2079BBB820E5C6A7009F0E90 /* ViewController.h */ = {isa = PBXFileReference; lastKnownFileType = sourcecode.c.h; path = ViewController.h; sourceTree = "<group>"; };
		2079BBB920E5C6A7009F0E90 /* ViewController.m */ = {isa = PBXFileReference; lastKnownFileType = sourcecode.c.objc; path = ViewController.m; sourceTree = "<group>"; };
		2079BBBC20E5C6A7009F0E90 /* Base */ = {isa = PBXFileReference; lastKnownFileType = file.storyboard; name = Base; path = Base.lproj/Main.storyboard; sourceTree = "<group>"; };
		2079BBBE20E5C6A7009F0E90 /* Assets.xcassets */ = {isa = PBXFileReference; lastKnownFileType = folder.assetcatalog; path = Assets.xcassets; sourceTree = "<group>"; };
		2079BBC120E5C6A7009F0E90 /* Base */ = {isa = PBXFileReference; lastKnownFileType = file.storyboard; name = Base; path = Base.lproj/LaunchScreen.storyboard; sourceTree = "<group>"; };
		2079BBC320E5C6A7009F0E90 /* Info.plist */ = {isa = PBXFileReference; lastKnownFileType = text.plist.xml; path = Info.plist; sourceTree = "<group>"; };
		2079BBC420E5C6A7009F0E90 /* main.m */ = {isa = PBXFileReference; lastKnownFileType = sourcecode.c.objc; path = main.m; sourceTree = "<group>"; };
		2079BBCC20E5C6BC009F0E90 /* TX10DateTimeModel.m */ = {isa = PBXFileReference; fileEncoding = 4; lastKnownFileType = sourcecode.c.objc; path = TX10DateTimeModel.m; sourceTree = "<group>"; };
		2079BBCF20E5C6BC009F0E90 /* SensorDataModel.h */ = {isa = PBXFileReference; fileEncoding = 4; lastKnownFileType = sourcecode.c.h; path = SensorDataModel.h; sourceTree = "<group>"; };
		2079BBD020E5C6BC009F0E90 /* SensorDataModel.m */ = {isa = PBXFileReference; fileEncoding = 4; lastKnownFileType = sourcecode.c.objc; path = SensorDataModel.m; sourceTree = "<group>"; };
		2079BBD120E5C6BC009F0E90 /* TX10DateTimeModel.h */ = {isa = PBXFileReference; fileEncoding = 4; lastKnownFileType = sourcecode.c.h; path = TX10DateTimeModel.h; sourceTree = "<group>"; };
		2079BBD520E5C6C7009F0E90 /* TX10BLECommands.h */ = {isa = PBXFileReference; fileEncoding = 4; lastKnownFileType = sourcecode.c.h; path = TX10BLECommands.h; sourceTree = "<group>"; };
		2079BBD620E5C6C7009F0E90 /* TX10BLEDataHelper.h */ = {isa = PBXFileReference; fileEncoding = 4; lastKnownFileType = sourcecode.c.h; path = TX10BLEDataHelper.h; sourceTree = "<group>"; };
		2079BBD720E5C6C7009F0E90 /* TX10BLECommands.m */ = {isa = PBXFileReference; fileEncoding = 4; lastKnownFileType = sourcecode.c.objc; path = TX10BLECommands.m; sourceTree = "<group>"; };
		2079BBD820E5C6C7009F0E90 /* TX10BLEDataHelper.m */ = {isa = PBXFileReference; fileEncoding = 4; lastKnownFileType = sourcecode.c.objc; path = TX10BLEDataHelper.m; sourceTree = "<group>"; };
		2079BBDF20E5C7B2009F0E90 /* TX10BytesUtils.h */ = {isa = PBXFileReference; lastKnownFileType = sourcecode.c.h; path = TX10BytesUtils.h; sourceTree = "<group>"; };
		2079BBE020E5C7B2009F0E90 /* TX10BytesUtils.m */ = {isa = PBXFileReference; lastKnownFileType = sourcecode.c.objc; path = TX10BytesUtils.m; sourceTree = "<group>"; };
		2079BBE220E5C9CE009F0E90 /* TX10Enum.h */ = {isa = PBXFileReference; lastKnownFileType = sourcecode.c.h; path = TX10Enum.h; sourceTree = "<group>"; };
/* End PBXFileReference section */

/* Begin PBXFrameworksBuildPhase section */
		2079BBAF20E5C6A7009F0E90 /* Frameworks */ = {
			isa = PBXFrameworksBuildPhase;
			buildActionMask = 2147483647;
			files = (
			);
			runOnlyForDeploymentPostprocessing = 0;
		};
/* End PBXFrameworksBuildPhase section */

/* Begin PBXGroup section */
		2079BBA920E5C6A7009F0E90 = {
			isa = PBXGroup;
			children = (
				2079BBB420E5C6A7009F0E90 /* TX10Demo */,
				2079BBB320E5C6A7009F0E90 /* Products */,
			);
			sourceTree = "<group>";
		};
		2079BBB320E5C6A7009F0E90 /* Products */ = {
			isa = PBXGroup;
			children = (
				2079BBB220E5C6A7009F0E90 /* TX10Demo.app */,
			);
			name = Products;
			sourceTree = "<group>";
		};
		2079BBB420E5C6A7009F0E90 /* TX10Demo */ = {
			isa = PBXGroup;
			children = (
				2079BBCB20E5C6AD009F0E90 /* TX10 */,
				2079BBB520E5C6A7009F0E90 /* AppDelegate.h */,
				2079BBB620E5C6A7009F0E90 /* AppDelegate.m */,
				2079BBB820E5C6A7009F0E90 /* ViewController.h */,
				2079BBB920E5C6A7009F0E90 /* ViewController.m */,
				2079BBBB20E5C6A7009F0E90 /* Main.storyboard */,
				2079BBBE20E5C6A7009F0E90 /* Assets.xcassets */,
				2079BBC020E5C6A7009F0E90 /* LaunchScreen.storyboard */,
				2079BBC320E5C6A7009F0E90 /* Info.plist */,
				2079BBC420E5C6A7009F0E90 /* main.m */,
			);
			path = TX10Demo;
			sourceTree = "<group>";
		};
		2079BBCB20E5C6AD009F0E90 /* TX10 */ = {
			isa = PBXGroup;
			children = (
				2079BBDB20E5C6CE009F0E90 /* Model */,
				2079BBD520E5C6C7009F0E90 /* TX10BLECommands.h */,
				2079BBD720E5C6C7009F0E90 /* TX10BLECommands.m */,
				2079BBD620E5C6C7009F0E90 /* TX10BLEDataHelper.h */,
				2079BBD820E5C6C7009F0E90 /* TX10BLEDataHelper.m */,
			);
			path = TX10;
			sourceTree = "<group>";
		};
		2079BBDB20E5C6CE009F0E90 /* Model */ = {
			isa = PBXGroup;
			children = (
				2079BBCF20E5C6BC009F0E90 /* SensorDataModel.h */,
				2079BBD020E5C6BC009F0E90 /* SensorDataModel.m */,
				2079BBD120E5C6BC009F0E90 /* TX10DateTimeModel.h */,
				2079BBCC20E5C6BC009F0E90 /* TX10DateTimeModel.m */,
				2079BBDF20E5C7B2009F0E90 /* TX10BytesUtils.h */,
				2079BBE020E5C7B2009F0E90 /* TX10BytesUtils.m */,
				2079BBE220E5C9CE009F0E90 /* TX10Enum.h */,
			);
			path = Model;
			sourceTree = "<group>";
		};
/* End PBXGroup section */

/* Begin PBXNativeTarget section */
		2079BBB120E5C6A7009F0E90 /* TX10Demo */ = {
			isa = PBXNativeTarget;
			buildConfigurationList = 2079BBC820E5C6A7009F0E90 /* Build configuration list for PBXNativeTarget "TX10Demo" */;
			buildPhases = (
				2079BBAE20E5C6A7009F0E90 /* Sources */,
				2079BBAF20E5C6A7009F0E90 /* Frameworks */,
				2079BBB020E5C6A7009F0E90 /* Resources */,
			);
			buildRules = (
			);
			dependencies = (
			);
			name = TX10Demo;
			productName = TX10Demo;
			productReference = 2079BBB220E5C6A7009F0E90 /* TX10Demo.app */;
			productType = "com.apple.product-type.application";
		};
/* End PBXNativeTarget section */

/* Begin PBXProject section */
		2079BBAA20E5C6A7009F0E90 /* Project object */ = {
			isa = PBXProject;
			attributes = {
				LastUpgradeCheck = 0920;
				ORGANIZATIONNAME = waynn;
				TargetAttributes = {
					2079BBB120E5C6A7009F0E90 = {
						CreatedOnToolsVersion = 9.2;
						ProvisioningStyle = Automatic;
					};
				};
			};
			buildConfigurationList = 2079BBAD20E5C6A7009F0E90 /* Build configuration list for PBXProject "TX10Demo" */;
			compatibilityVersion = "Xcode 8.0";
			developmentRegion = en;
			hasScannedForEncodings = 0;
			knownRegions = (
				en,
				Base,
			);
			mainGroup = 2079BBA920E5C6A7009F0E90;
			productRefGroup = 2079BBB320E5C6A7009F0E90 /* Products */;
			projectDirPath = "";
			projectRoot = "";
			targets = (
				2079BBB120E5C6A7009F0E90 /* TX10Demo */,
			);
		};
/* End PBXProject section */

/* Begin PBXResourcesBuildPhase section */
		2079BBB020E5C6A7009F0E90 /* Resources */ = {
			isa = PBXResourcesBuildPhase;
			buildActionMask = 2147483647;
			files = (
				2079BBC220E5C6A7009F0E90 /* LaunchScreen.storyboard in Resources */,
				2079BBBF20E5C6A7009F0E90 /* Assets.xcassets in Resources */,
				2079BBBD20E5C6A7009F0E90 /* Main.storyboard in Resources */,
			);
			runOnlyForDeploymentPostprocessing = 0;
		};
/* End PBXResourcesBuildPhase section */

/* Begin PBXSourcesBuildPhase section */
		2079BBAE20E5C6A7009F0E90 /* Sources */ = {
			isa = PBXSourcesBuildPhase;
			buildActionMask = 2147483647;
			files = (
				2079BBDA20E5C6C8009F0E90 /* TX10BLEDataHelper.m in Sources */,
				2079BBBA20E5C6A7009F0E90 /* ViewController.m in Sources */,
				2079BBE120E5C7B2009F0E90 /* TX10BytesUtils.m in Sources */,
				2079BBD920E5C6C8009F0E90 /* TX10BLECommands.m in Sources */,
				2079BBD220E5C6BD009F0E90 /* TX10DateTimeModel.m in Sources */,
				2079BBC520E5C6A7009F0E90 /* main.m in Sources */,
				2079BBB720E5C6A7009F0E90 /* AppDelegate.m in Sources */,
				2079BBD420E5C6BD009F0E90 /* SensorDataModel.m in Sources */,
			);
			runOnlyForDeploymentPostprocessing = 0;
		};
/* End PBXSourcesBuildPhase section */

/* Begin PBXVariantGroup section */
		2079BBBB20E5C6A7009F0E90 /* Main.storyboard */ = {
			isa = PBXVariantGroup;
			children = (
				2079BBBC20E5C6A7009F0E90 /* Base */,
			);
			name = Main.storyboard;
			sourceTree = "<group>";
		};
		2079BBC020E5C6A7009F0E90 /* LaunchScreen.storyboard */ = {
			isa = PBXVariantGroup;
			children = (
				2079BBC120E5C6A7009F0E90 /* Base */,
			);
			name = LaunchScreen.storyboard;
			sourceTree = "<group>";
		};
/* End PBXVariantGroup section */

/* Begin XCBuildConfiguration section */
		2079BBC620E5C6A7009F0E90 /* Debug */ = {
			isa = XCBuildConfiguration;
			buildSettings = {
				ALWAYS_SEARCH_USER_PATHS = NO;
				CLANG_ANALYZER_NONNULL = YES;
				CLANG_ANALYZER_NUMBER_OBJECT_CONVERSION = YES_AGGRESSIVE;
				CLANG_CXX_LANGUAGE_STANDARD = "gnu++14";
				CLANG_CXX_LIBRARY = "libc++";
				CLANG_ENABLE_MODULES = YES;
				CLANG_ENABLE_OBJC_ARC = YES;
				CLANG_WARN_BLOCK_CAPTURE_AUTORELEASING = YES;
				CLANG_WARN_BOOL_CONVERSION = YES;
				CLANG_WARN_COMMA = YES;
				CLANG_WARN_CONSTANT_CONVERSION = YES;
				CLANG_WARN_DIRECT_OBJC_ISA_USAGE = YES_ERROR;
				CLANG_WARN_DOCUMENTATION_COMMENTS = YES;
				CLANG_WARN_EMPTY_BODY = YES;
				CLANG_WARN_ENUM_CONVERSION = YES;
				CLANG_WARN_INFINITE_RECURSION = YES;
				CLANG_WARN_INT_CONVERSION = YES;
				CLANG_WARN_NON_LITERAL_NULL_CONVERSION = YES;
				CLANG_WARN_OBJC_LITERAL_CONVERSION = YES;
				CLANG_WARN_OBJC_ROOT_CLASS = YES_ERROR;
				CLANG_WARN_RANGE_LOOP_ANALYSIS = YES;
				CLANG_WARN_STRICT_PROTOTYPES = YES;
				CLANG_WARN_SUSPICIOUS_MOVE = YES;
				CLANG_WARN_UNGUARDED_AVAILABILITY = YES_AGGRESSIVE;
				CLANG_WARN_UNREACHABLE_CODE = YES;
				CLANG_WARN__DUPLICATE_METHOD_MATCH = YES;
				CODE_SIGN_IDENTITY = "iPhone Developer";
				COPY_PHASE_STRIP = NO;
				DEBUG_INFORMATION_FORMAT = dwarf;
				ENABLE_STRICT_OBJC_MSGSEND = YES;
				ENABLE_TESTABILITY = YES;
				GCC_C_LANGUAGE_STANDARD = gnu11;
				GCC_DYNAMIC_NO_PIC = NO;
				GCC_NO_COMMON_BLOCKS = YES;
				GCC_OPTIMIZATION_LEVEL = 0;
				GCC_PREPROCESSOR_DEFINITIONS = (
					"DEBUG=1",
					"$(inherited)",
				);
				GCC_WARN_64_TO_32_BIT_CONVERSION = YES;
				GCC_WARN_ABOUT_RETURN_TYPE = YES_ERROR;
				GCC_WARN_UNDECLARED_SELECTOR = YES;
				GCC_WARN_UNINITIALIZED_AUTOS = YES_AGGRESSIVE;
				GCC_WARN_UNUSED_FUNCTION = YES;
				GCC_WARN_UNUSED_VARIABLE = YES;
				IPHONEOS_DEPLOYMENT_TARGET = 11.2;
				MTL_ENABLE_DEBUG_INFO = YES;
				ONLY_ACTIVE_ARCH = YES;
				SDKROOT = iphoneos;
			};
			name = Debug;
		};
		2079BBC720E5C6A7009F0E90 /* Release */ = {
			isa = XCBuildConfiguration;
			buildSettings = {
				ALWAYS_SEARCH_USER_PATHS = NO;
				CLANG_ANALYZER_NONNULL = YES;
				CLANG_ANALYZER_NUMBER_OBJECT_CONVERSION = YES_AGGRESSIVE;
				CLANG_CXX_LANGUAGE_STANDARD = "gnu++14";
				CLANG_CXX_LIBRARY = "libc++";
				CLANG_ENABLE_MODULES = YES;
				CLANG_ENABLE_OBJC_ARC = YES;
				CLANG_WARN_BLOCK_CAPTURE_AUTORELEASING = YES;
				CLANG_WARN_BOOL_CONVERSION = YES;
				CLANG_WARN_COMMA = YES;
				CLANG_WARN_CONSTANT_CONVERSION = YES;
				CLANG_WARN_DIRECT_OBJC_ISA_USAGE = YES_ERROR;
				CLANG_WARN_DOCUMENTATION_COMMENTS = YES;
				CLANG_WARN_EMPTY_BODY = YES;
				CLANG_WARN_ENUM_CONVERSION = YES;
				CLANG_WARN_INFINITE_RECURSION = YES;
				CLANG_WARN_INT_CONVERSION = YES;
				CLANG_WARN_NON_LITERAL_NULL_CONVERSION = YES;
				CLANG_WARN_OBJC_LITERAL_CONVERSION = YES;
				CLANG_WARN_OBJC_ROOT_CLASS = YES_ERROR;
				CLANG_WARN_RANGE_LOOP_ANALYSIS = YES;
				CLANG_WARN_STRICT_PROTOTYPES = YES;
				CLANG_WARN_SUSPICIOUS_MOVE = YES;
				CLANG_WARN_UNGUARDED_AVAILABILITY = YES_AGGRESSIVE;
				CLANG_WARN_UNREACHABLE_CODE = YES;
				CLANG_WARN__DUPLICATE_METHOD_MATCH = YES;
				CODE_SIGN_IDENTITY = "iPhone Developer";
				COPY_PHASE_STRIP = NO;
				DEBUG_INFORMATION_FORMAT = "dwarf-with-dsym";
				ENABLE_NS_ASSERTIONS = NO;
				ENABLE_STRICT_OBJC_MSGSEND = YES;
				GCC_C_LANGUAGE_STANDARD = gnu11;
				GCC_NO_COMMON_BLOCKS = YES;
				GCC_WARN_64_TO_32_BIT_CONVERSION = YES;
				GCC_WARN_ABOUT_RETURN_TYPE = YES_ERROR;
				GCC_WARN_UNDECLARED_SELECTOR = YES;
				GCC_WARN_UNINITIALIZED_AUTOS = YES_AGGRESSIVE;
				GCC_WARN_UNUSED_FUNCTION = YES;
				GCC_WARN_UNUSED_VARIABLE = YES;
				IPHONEOS_DEPLOYMENT_TARGET = 11.2;
				MTL_ENABLE_DEBUG_INFO = NO;
				SDKROOT = iphoneos;
				VALIDATE_PRODUCT = YES;
			};
			name = Release;
		};
		2079BBC920E5C6A7009F0E90 /* Debug */ = {
			isa = XCBuildConfiguration;
			buildSettings = {
				ASSETCATALOG_COMPILER_APPICON_NAME = AppIcon;
				CODE_SIGN_STYLE = Automatic;
				DEVELOPMENT_TEAM = 49K2TB5Q2U;
				INFOPLIST_FILE = TX10Demo/Info.plist;
				LD_RUNPATH_SEARCH_PATHS = "$(inherited) @executable_path/Frameworks";
				PRODUCT_BUNDLE_IDENTIFIER = com.waynn.TX10Demo;
				PRODUCT_NAME = "$(TARGET_NAME)";
				TARGETED_DEVICE_FAMILY = "1,2";
			};
			name = Debug;
		};
		2079BBCA20E5C6A7009F0E90 /* Release */ = {
			isa = XCBuildConfiguration;
			buildSettings = {
				ASSETCATALOG_COMPILER_APPICON_NAME = AppIcon;
				CODE_SIGN_STYLE = Automatic;
				DEVELOPMENT_TEAM = 49K2TB5Q2U;
				INFOPLIST_FILE = TX10Demo/Info.plist;
				LD_RUNPATH_SEARCH_PATHS = "$(inherited) @executable_path/Frameworks";
				PRODUCT_BUNDLE_IDENTIFIER = com.waynn.TX10Demo;
				PRODUCT_NAME = "$(TARGET_NAME)";
				TARGETED_DEVICE_FAMILY = "1,2";
			};
			name = Release;
		};
/* End XCBuildConfiguration section */

/* Begin XCConfigurationList section */
		2079BBAD20E5C6A7009F0E90 /* Build configuration list for PBXProject "TX10Demo" */ = {
			isa = XCConfigurationList;
			buildConfigurations = (
				2079BBC620E5C6A7009F0E90 /* Debug */,
				2079BBC720E5C6A7009F0E90 /* Release */,
			);
			defaultConfigurationIsVisible = 0;
			defaultConfigurationName = Release;
		};
		2079BBC820E5C6A7009F0E90 /* Build configuration list for PBXNativeTarget "TX10Demo" */ = {
			isa = XCConfigurationList;
			buildConfigurations = (
				2079BBC920E5C6A7009F0E90 /* Debug */,
				2079BBCA20E5C6A7009F0E90 /* Release */,
			);
			defaultConfigurationIsVisible = 0;
			defaultConfigurationName = Release;
		};
/* End XCConfigurationList section */
	};
	rootObject = 2079BBAA20E5C6A7009F0E90 /* Project object */;
}
